
Microsoft Visual Studio Solution File, Format Version 12.00
# Visual Studio Version 17
VisualStudioVersion = 17.7.34024.191
MinimumVisualStudioVersion = 10.0.40219.1
Project("{FAE04EC0-301F-11D3-BF4B-00C04F79EFBC}") = "CSC2036_Invoice_Totals_2Forms", "CSC2036_Invoice_Totals_2Forms\CSC2036_Invoice_Totals_2Forms.csproj", "{02CD9A5C-583B-4E50-B183-2DD831750367}"
EndProject
Global
	GlobalSection(SolutionConfigurationPlatforms) = preSolution
		Debug|Any CPU = Debug|Any CPU
		Release|Any CPU = Release|Any CPU
	EndGlobalSection
	GlobalSection(ProjectConfigurationPlatforms) = postSolution
		{02CD9A5C-583B-4E50-B183-2DD831750367}.Debug|Any CPU.ActiveCfg = Debug|Any CPU
		{02CD9A5C-583B-4E50-B183-2DD831750367}.Debug|Any CPU.Build.0 = Debug|Any CPU
		{02CD9A5C-583B-4E50-B183-2DD831750367}.Release|Any CPU.ActiveCfg = Release|Any CPU
		{02CD9A5C-583B-4E50-B183-2DD831750367}.Release|Any CPU.Build.0 = Release|Any CPU
	EndGlobalSection
	GlobalSection(SolutionProperties) = preSolution
		HideSolutionNode = FALSE
	EndGlobalSection
	GlobalSection(ExtensibilityGlobals) = postSolution
		SolutionGuid = {BA793E4F-EBEB-41F0-B943-6120C13B6404}
	EndGlobalSection
EndGlobal
